
Microsoft Visual Studio Solution File, Format Version 12.00
# Visual Studio Version 17
VisualStudioVersion = 17.5.002.0
MinimumVisualStudioVersion = 10.0.40219.1
Project("{9A19103F-16F7-4668-BE54-9A1E7A4F7556}") = "SpecialistService", "SpecialistService.csproj", "{408C4271-848D-4368-B5E1-86448EC224A6}"
EndProject
Global
	GlobalSection(SolutionConfigurationPlatforms) = preSolution
		Debug|Any CPU = Debug|Any CPU
		Release|Any CPU = Release|Any CPU
	EndGlobalSection
	GlobalSection(ProjectConfigurationPlatforms) = postSolution
		{408C4271-848D-4368-B5E1-86448EC224A6}.Debug|Any CPU.ActiveCfg = Debug|Any CPU
		{408C4271-848D-4368-B5E1-86448EC224A6}.Debug|Any CPU.Build.0 = Debug|Any CPU
		{408C4271-848D-4368-B5E1-86448EC224A6}.Release|Any CPU.ActiveCfg = Release|Any CPU
		{408C4271-848D-4368-B5E1-86448EC224A6}.Release|Any CPU.Build.0 = Release|Any CPU
	EndGlobalSection
	GlobalSection(SolutionProperties) = preSolution
		HideSolutionNode = FALSE
	EndGlobalSection
	GlobalSection(ExtensibilityGlobals) = postSolution
		SolutionGuid = {8705102C-806C-4F50-A7CD-4D37540C23F1}
	EndGlobalSection
EndGlobal
